
Microsoft Visual Studio Solution File, Format Version 12.00
# Visual Studio 15
VisualStudioVersion = 15.0.28307.421
MinimumVisualStudioVersion = 10.0.40219.1
Project("{FAE04EC0-301F-11D3-BF4B-00C04F79EFBC}") = "PublishSys", "PublishSys\PublishSys.csproj", "{EB53EB59-7DEA-4FA3-A1AF-25E6FE1B90E4}"
EndProject
Project("{FAE04EC0-301F-11D3-BF4B-00C04F79EFBC}") = "HF_EnvirInfoSys", "HF_EnvirInfoSys\HF_EnvirInfoSys.csproj", "{275A2151-4416-4DD5-892E-CDB96C79D93F}"
EndProject
Project("{FAE04EC0-301F-11D3-BF4B-00C04F79EFBC}") = "PackUp", "PackUp\PackUp.csproj", "{5DCCE567-430B-4E91-85AA-8E9FE4262F27}"
EndProject
Global
	GlobalSection(SolutionConfigurationPlatforms) = preSolution
		Debug|Any CPU = Debug|Any CPU
		Debug|x86 = Debug|x86
		Release|Any CPU = Release|Any CPU
		Release|x86 = Release|x86
	EndGlobalSection
	GlobalSection(ProjectConfigurationPlatforms) = postSolution
		{EB53EB59-7DEA-4FA3-A1AF-25E6FE1B90E4}.Debug|Any CPU.ActiveCfg = Debug|Any CPU
		{EB53EB59-7DEA-4FA3-A1AF-25E6FE1B90E4}.Debug|Any CPU.Build.0 = Debug|Any CPU
		{EB53EB59-7DEA-4FA3-A1AF-25E6FE1B90E4}.Debug|x86.ActiveCfg = Debug|x86
		{EB53EB59-7DEA-4FA3-A1AF-25E6FE1B90E4}.Debug|x86.Build.0 = Debug|x86
		{EB53EB59-7DEA-4FA3-A1AF-25E6FE1B90E4}.Release|Any CPU.ActiveCfg = Release|Any CPU
		{EB53EB59-7DEA-4FA3-A1AF-25E6FE1B90E4}.Release|Any CPU.Build.0 = Release|Any CPU
		{EB53EB59-7DEA-4FA3-A1AF-25E6FE1B90E4}.Release|x86.ActiveCfg = Release|Any CPU
		{EB53EB59-7DEA-4FA3-A1AF-25E6FE1B90E4}.Release|x86.Build.0 = Release|Any CPU
		{275A2151-4416-4DD5-892E-CDB96C79D93F}.Debug|Any CPU.ActiveCfg = Debug|x86
		{275A2151-4416-4DD5-892E-CDB96C79D93F}.Debug|x86.ActiveCfg = Debug|x86
		{275A2151-4416-4DD5-892E-CDB96C79D93F}.Debug|x86.Build.0 = Debug|x86
		{275A2151-4416-4DD5-892E-CDB96C79D93F}.Release|Any CPU.ActiveCfg = Release|x86
		{275A2151-4416-4DD5-892E-CDB96C79D93F}.Release|x86.ActiveCfg = Release|x86
		{275A2151-4416-4DD5-892E-CDB96C79D93F}.Release|x86.Build.0 = Release|x86
		{5DCCE567-430B-4E91-85AA-8E9FE4262F27}.Debug|Any CPU.ActiveCfg = Debug|Any CPU
		{5DCCE567-430B-4E91-85AA-8E9FE4262F27}.Debug|Any CPU.Build.0 = Debug|Any CPU
		{5DCCE567-430B-4E91-85AA-8E9FE4262F27}.Debug|x86.ActiveCfg = Debug|x86
		{5DCCE567-430B-4E91-85AA-8E9FE4262F27}.Debug|x86.Build.0 = Debug|x86
		{5DCCE567-430B-4E91-85AA-8E9FE4262F27}.Release|Any CPU.ActiveCfg = Release|Any CPU
		{5DCCE567-430B-4E91-85AA-8E9FE4262F27}.Release|Any CPU.Build.0 = Release|Any CPU
		{5DCCE567-430B-4E91-85AA-8E9FE4262F27}.Release|x86.ActiveCfg = Release|Any CPU
		{5DCCE567-430B-4E91-85AA-8E9FE4262F27}.Release|x86.Build.0 = Release|Any CPU
	EndGlobalSection
	GlobalSection(SolutionProperties) = preSolution
		HideSolutionNode = FALSE
	EndGlobalSection
	GlobalSection(ExtensibilityGlobals) = postSolution
		SolutionGuid = {D36AB5E8-1D3E-432C-B4EA-ADC4F0297334}
	EndGlobalSection
EndGlobal
